{
  "name": "dsh-supervisor",
  "version": "0.1.5-BETA.11",
  "lockfileVersion": 3,
  "requires": true,
  "packages": {
    "": {
      "name": "dsh-supervisor",
      "version": "0.1.5-BETA.11",
      "license": "UNLICENSED",
      "bin": {
        "dsh-supervisor": "bin/dsh-supervisor"
      },
      "engines": {
        "node": ">=18"
      }
    }
  }
}
